
Microsoft Visual Studio Solution File, Format Version 12.00
# Visual Studio 2012
Project("{FAE04EC0-301F-11D3-BF4B-00C04F79EFBC}") = "Translations", "Translations\Translations.csproj", "{F1F0D650-1D80-47CA-8178-C8FC732022EA}"
EndProject
Global
	GlobalSection(SolutionConfigurationPlatforms) = preSolution
		Debug|Any CPU = Debug|Any CPU
		Release|Any CPU = Release|Any CPU
	EndGlobalSection
	GlobalSection(ProjectConfigurationPlatforms) = postSolution
		{F1F0D650-1D80-47CA-8178-C8FC732022EA}.Debug|Any CPU.ActiveCfg = Debug|Any CPU
		{F1F0D650-1D80-47CA-8178-C8FC732022EA}.Debug|Any CPU.Build.0 = Debug|Any CPU
		{F1F0D650-1D80-47CA-8178-C8FC732022EA}.Release|Any CPU.ActiveCfg = Release|Any CPU
		{F1F0D650-1D80-47CA-8178-C8FC732022EA}.Release|Any CPU.Build.0 = Release|Any CPU
	EndGlobalSection
	GlobalSection(SolutionProperties) = preSolution
		HideSolutionNode = FALSE
	EndGlobalSection
EndGlobal
